
Microsoft Visual Studio Solution File, Format Version 12.00
# Visual Studio 15
VisualStudioVersion = 15.0.27130.2027
MinimumVisualStudioVersion = 10.0.40219.1
Project("{FAE04EC0-301F-11D3-BF4B-00C04F79EFBC}") = "reqemleri_cemi", "reqemleri_cemi\reqemleri_cemi.csproj", "{516A5221-51BA-4354-A7C2-B9D38AD25E4A}"
EndProject
Global
	GlobalSection(SolutionConfigurationPlatforms) = preSolution
		Debug|Any CPU = Debug|Any CPU
		Release|Any CPU = Release|Any CPU
	EndGlobalSection
	GlobalSection(ProjectConfigurationPlatforms) = postSolution
		{516A5221-51BA-4354-A7C2-B9D38AD25E4A}.Debug|Any CPU.ActiveCfg = Debug|Any CPU
		{516A5221-51BA-4354-A7C2-B9D38AD25E4A}.Debug|Any CPU.Build.0 = Debug|Any CPU
		{516A5221-51BA-4354-A7C2-B9D38AD25E4A}.Release|Any CPU.ActiveCfg = Release|Any CPU
		{516A5221-51BA-4354-A7C2-B9D38AD25E4A}.Release|Any CPU.Build.0 = Release|Any CPU
	EndGlobalSection
	GlobalSection(SolutionProperties) = preSolution
		HideSolutionNode = FALSE
	EndGlobalSection
	GlobalSection(ExtensibilityGlobals) = postSolution
		SolutionGuid = {614C9829-FC42-40D3-B189-92ADDD35305B}
	EndGlobalSection
EndGlobal
